
Microsoft Visual Studio Solution File, Format Version 12.00
# Visual Studio Version 17
VisualStudioVersion = 17.11.35312.102
MinimumVisualStudioVersion = 10.0.40219.1
Project("{FAE04EC0-301F-11D3-BF4B-00C04F79EFBC}") = "SuteuDariusLab7", "SuteuDariusLab7.csproj", "{C1C1B878-2893-40E6-9B54-D7BBAC9FCA5F}"
EndProject
Global
	GlobalSection(SolutionConfigurationPlatforms) = preSolution
		Debug|Any CPU = Debug|Any CPU
		Release|Any CPU = Release|Any CPU
	EndGlobalSection
	GlobalSection(ProjectConfigurationPlatforms) = postSolution
		{C1C1B878-2893-40E6-9B54-D7BBAC9FCA5F}.Debug|Any CPU.ActiveCfg = Debug|Any CPU
		{C1C1B878-2893-40E6-9B54-D7BBAC9FCA5F}.Debug|Any CPU.Build.0 = Debug|Any CPU
		{C1C1B878-2893-40E6-9B54-D7BBAC9FCA5F}.Debug|Any CPU.Deploy.0 = Debug|Any CPU
		{C1C1B878-2893-40E6-9B54-D7BBAC9FCA5F}.Release|Any CPU.ActiveCfg = Release|Any CPU
		{C1C1B878-2893-40E6-9B54-D7BBAC9FCA5F}.Release|Any CPU.Build.0 = Release|Any CPU
		{C1C1B878-2893-40E6-9B54-D7BBAC9FCA5F}.Release|Any CPU.Deploy.0 = Release|Any CPU
	EndGlobalSection
	GlobalSection(SolutionProperties) = preSolution
		HideSolutionNode = FALSE
	EndGlobalSection
	GlobalSection(ExtensibilityGlobals) = postSolution
		SolutionGuid = {4A367E8C-2577-4943-B635-9400D9892A3A}
	EndGlobalSection
EndGlobal
